<?xml version="1.0" encoding="utf-8"?>
<Project ToolsVersion="4.0" xmlns:atg="http://atg.xbox.com" xmlns="http://schemas.microsoft.com/developer/msbuild/2003">
  <ItemGroup>
    <Filter Include="Resource Files">
      <UniqueIdentifier>{8e114980-c1a3-4ada-ad7c-83caadf5daeb}</UniqueIdentifier>
      <Extensions>rc;ico;cur;bmp;dlg;rc2;rct;bin;rgs;gif;jpg;jpeg;jpe</Extensions>
    </Filter>
    <Filter Include="Core">
      <UniqueIdentifier>{987e0f20-11c5-4fd3-874b-cf72597916f6}</UniqueIdentifier>
    </Filter>
    <Filter Include="UI">
      <UniqueIdentifier>{48db184a-c75c-4996-87c3-cb55676e5c57}</UniqueIdentifier>
    </Filter>
    <Filter Include="Object">
      <UniqueIdentifier>{0d8d82c2-692e-42e1-9970-0cc64f0c3aaa}</UniqueIdentifier>
    </Filter>
    <Filter Include="NonObject">
      <UniqueIdentifier>{6a6627ba-7e76-4bad-934a-17948cd9974d}</UniqueIdentifier>
    </Filter>
    <Filter Include="Scene">
      <UniqueIdentifier>{0e956e8d-b749-45f9-9de2-7e5521e68699}</UniqueIdentifier>
    </Filter>
  </ItemGroup>
  <ItemGroup>
    <None Include="DXUT\Optional\directx.ico">
      <Filter>Resource Files</Filter>
    </None>
  </ItemGroup>
  <ItemGroup>
    <ClCompile Include="Direct3D.cpp">
      <Filter>Core</Filter>
    </ClCompile>
    <ClCompile Include="KeyManager.cpp">
      <Filter>Core</Filter>
    </ClCompile>
    <ClCompile Include="Object.cpp">
      <Filter>Core</Filter>
    </ClCompile>
    <ClCompile Include="ObjectCollider2D.cpp">
      <Filter>Core</Filter>
    </ClCompile>
    <ClCompile Include="Sprite.cpp">
      <Filter>Core</Filter>
    </ClCompile>
    <ClCompile Include="Texture.cpp">
      <Filter>Core</Filter>
    </ClCompile>
    <ClCompile Include="Scene.cpp">
      <Filter>Core</Filter>
    </ClCompile>
    <ClCompile Include="Sound.cpp">
      <Filter>Core</Filter>
    </ClCompile>
    <ClCompile Include="Alphabet.cpp">
      <Filter>UI</Filter>
    </ClCompile>
    <ClCompile Include="Number.cpp">
      <Filter>UI</Filter>
    </ClCompile>
    <ClCompile Include="Effect.cpp">
      <Filter>Object</Filter>
    </ClCompile>
    <ClCompile Include="Character.cpp">
      <Filter>Object</Filter>
    </ClCompile>
    <ClCompile Include="Player.cpp">
      <Filter>Object</Filter>
    </ClCompile>
    <ClCompile Include="GameScene.cpp">
      <Filter>Scene</Filter>
    </ClCompile>
    <ClCompile Include="TileMap.cpp">
      <Filter>Object</Filter>
    </ClCompile>
    <ClCompile Include="EditorScene.cpp">
      <Filter>Scene</Filter>
    </ClCompile>
    <ClCompile Include="Skill.cpp">
      <Filter>NonObject</Filter>
    </ClCompile>
    <ClCompile Include="SkillObject.cpp">
      <Filter>Object</Filter>
    </ClCompile>
    <ClCompile Include="SkillDash.cpp">
      <Filter>NonObject</Filter>
    </ClCompile>
    <ClCompile Include="SkillEnemy1.cpp">
      <Filter>NonObject</Filter>
    </ClCompile>
    <ClCompile Include="Enemy1.cpp">
      <Filter>Object</Filter>
    </ClCompile>
    <ClCompile Include="Enemy2.cpp">
      <Filter>Object</Filter>
    </ClCompile>
    <ClCompile Include="SkillEnemy2.cpp">
      <Filter>NonObject</Filter>
    </ClCompile>
    <ClCompile Include="SkillEnemy3.cpp">
      <Filter>NonObject</Filter>
    </ClCompile>
    <ClCompile Include="Enemy3.cpp">
      <Filter>Object</Filter>
    </ClCompile>
    <ClCompile Include="SkillBoss1.cpp">
      <Filter>NonObject</Filter>
    </ClCompile>
    <ClCompile Include="SkillBoss2.cpp">
      <Filter>NonObject</Filter>
    </ClCompile>
    <ClCompile Include="SkillBoss3.cpp">
      <Filter>NonObject</Filter>
    </ClCompile>
    <ClCompile Include="Boss1.cpp">
      <Filter>Object</Filter>
    </ClCompile>
    <ClCompile Include="SkillBoss4.cpp">
      <Filter>NonObject</Filter>
    </ClCompile>
    <ClCompile Include="Boss2.cpp">
      <Filter>Object</Filter>
    </ClCompile>
    <ClCompile Include="Core.cpp">
      <Filter>Core</Filter>
    </ClCompile>
    <ClCompile Include="Item.cpp">
      <Filter>Object</Filter>
    </ClCompile>
    <ClCompile Include="Button.cpp">
      <Filter>UI</Filter>
    </ClCompile>
    <ClCompile Include="Score.cpp">
      <Filter>UI</Filter>
    </ClCompile>
    <ClCompile Include="MainScene.cpp">
      <Filter>Scene</Filter>
    </ClCompile>
    <ClCompile Include="RankScene.cpp">
      <Filter>Scene</Filter>
    </ClCompile>
    <ClCompile Include="PlayerInfo.cpp">
      <Filter>UI</Filter>
    </ClCompile>
    <ClCompile Include="PlayerSpec.cpp">
      <Filter>UI</Filter>
    </ClCompile>
    <ClCompile Include="ComboUI.cpp">
      <Filter>UI</Filter>
    </ClCompile>
    <ClCompile Include="Gyeongi.cpp">
      <Filter>Core</Filter>
    </ClCompile>
    <ClCompile Include="LoadingScene.cpp">
      <Filter>Scene</Filter>
    </ClCompile>
    <ClCompile Include="SkillAttack1.cpp">
      <Filter>NonObject</Filter>
    </ClCompile>
    <ClCompile Include="SkillAttack2.cpp">
      <Filter>NonObject</Filter>
    </ClCompile>
  </ItemGroup>
  <ItemGroup>
    <ClInclude Include="Core.h">
      <Filter>Core</Filter>
    </ClInclude>
    <ClInclude Include="Direct3D.h">
      <Filter>Core</Filter>
    </ClInclude>
    <ClInclude Include="KeyManager.h">
      <Filter>Core</Filter>
    </ClInclude>
    <ClInclude Include="Object.h">
      <Filter>Core</Filter>
    </ClInclude>
    <ClInclude Include="ObjectCollider2D.h">
      <Filter>Core</Filter>
    </ClInclude>
    <ClInclude Include="Sprite.h">
      <Filter>Core</Filter>
    </ClInclude>
    <ClInclude Include="Texture.h">
      <Filter>Core</Filter>
    </ClInclude>
    <ClInclude Include="Scene.h">
      <Filter>Core</Filter>
    </ClInclude>
    <ClInclude Include="Sound.h">
      <Filter>Core</Filter>
    </ClInclude>
    <ClInclude Include="Alphabet.h">
      <Filter>UI</Filter>
    </ClInclude>
    <ClInclude Include="Number.h">
      <Filter>UI</Filter>
    </ClInclude>
    <ClInclude Include="Effect.h">
      <Filter>Object</Filter>
    </ClInclude>
    <ClInclude Include="Character.h">
      <Filter>Object</Filter>
    </ClInclude>
    <ClInclude Include="Player.h">
      <Filter>Object</Filter>
    </ClInclude>
    <ClInclude Include="GameScene.h">
      <Filter>Scene</Filter>
    </ClInclude>
    <ClInclude Include="TileMap.h">
      <Filter>Object</Filter>
    </ClInclude>
    <ClInclude Include="EditorScene.h">
      <Filter>Scene</Filter>
    </ClInclude>
    <ClInclude Include="Skill.h">
      <Filter>NonObject</Filter>
    </ClInclude>
    <ClInclude Include="SkillObject.h">
      <Filter>Object</Filter>
    </ClInclude>
    <ClInclude Include="SkillDash.h">
      <Filter>NonObject</Filter>
    </ClInclude>
    <ClInclude Include="SkillEnemy1.h">
      <Filter>NonObject</Filter>
    </ClInclude>
    <ClInclude Include="Enemy1.h">
      <Filter>Object</Filter>
    </ClInclude>
    <ClInclude Include="Enemy2.h">
      <Filter>Object</Filter>
    </ClInclude>
    <ClInclude Include="SkillEnemy2.h">
      <Filter>NonObject</Filter>
    </ClInclude>
    <ClInclude Include="SkillEnemy3.h">
      <Filter>NonObject</Filter>
    </ClInclude>
    <ClInclude Include="Enemy3.h">
      <Filter>Object</Filter>
    </ClInclude>
    <ClInclude Include="SkillBoss1.h">
      <Filter>NonObject</Filter>
    </ClInclude>
    <ClInclude Include="SkillBoss2.h">
      <Filter>NonObject</Filter>
    </ClInclude>
    <ClInclude Include="SkillBoss3.h">
      <Filter>NonObject</Filter>
    </ClInclude>
    <ClInclude Include="Boss1.h">
      <Filter>Object</Filter>
    </ClInclude>
    <ClInclude Include="SkillBoss4.h">
      <Filter>NonObject</Filter>
    </ClInclude>
    <ClInclude Include="Boss2.h">
      <Filter>Object</Filter>
    </ClInclude>
    <ClInclude Include="Item.h">
      <Filter>Object</Filter>
    </ClInclude>
    <ClInclude Include="Button.h">
      <Filter>UI</Filter>
    </ClInclude>
    <ClInclude Include="Score.h">
      <Filter>UI</Filter>
    </ClInclude>
    <ClInclude Include="MainScene.h">
      <Filter>Scene</Filter>
    </ClInclude>
    <ClInclude Include="RankScene.h">
      <Filter>Scene</Filter>
    </ClInclude>
    <ClInclude Include="PlayerInfo.h">
      <Filter>UI</Filter>
    </ClInclude>
    <ClInclude Include="PlayerSpec.h">
      <Filter>UI</Filter>
    </ClInclude>
    <ClInclude Include="ComboUI.h">
      <Filter>UI</Filter>
    </ClInclude>
    <ClInclude Include="LoadingScene.h">
      <Filter>Scene</Filter>
    </ClInclude>
    <ClInclude Include="SkillAttack1.h">
      <Filter>NonObject</Filter>
    </ClInclude>
    <ClInclude Include="SkillAttack2.h">
      <Filter>NonObject</Filter>
    </ClInclude>
  </ItemGroup>
  <ItemGroup>
    <CLInclude Include="resource.h">
      <Filter>Resource Files</Filter>
    </CLInclude>
  </ItemGroup>
  <ItemGroup>
    <ResourceCompile Include="Gyeongi.rc">
      <Filter>Resource Files</Filter>
    </ResourceCompile>
  </ItemGroup>
</Project>